
Microsoft Visual Studio Solution File, Format Version 12.00
# Visual Studio 14
VisualStudioVersion = 14.0.25420.1
MinimumVisualStudioVersion = 10.0.40219.1
Project("{2150E333-8FDC-42A3-9474-1A3956D46DE8}") = "src", "src", "{94AE0485-6884-42BF-9A64-970B75B3219D}"
EndProject
Project("{2150E333-8FDC-42A3-9474-1A3956D46DE8}") = "Solution Items", "Solution Items", "{0A6271DE-694D-4FBA-90FD-FB9C90EA43E8}"
	ProjectSection(SolutionItems) = preProject
		global.json = global.json
	EndProjectSection
EndProject
Project("{8BB2217D-0F2D-49D1-97BC-3654ED321F3B}") = "CombinatorialEvolution.Sudoku", "src\CombinatorialEvolution.Sudoku\CombinatorialEvolution.Sudoku.xproj", "{DB79C62B-8DC8-4324-9C99-57772C4975FF}"
EndProject
Global
	GlobalSection(SolutionConfigurationPlatforms) = preSolution
		Debug|Any CPU = Debug|Any CPU
		Release|Any CPU = Release|Any CPU
	EndGlobalSection
	GlobalSection(ProjectConfigurationPlatforms) = postSolution
		{DB79C62B-8DC8-4324-9C99-57772C4975FF}.Debug|Any CPU.ActiveCfg = Debug|Any CPU
		{DB79C62B-8DC8-4324-9C99-57772C4975FF}.Debug|Any CPU.Build.0 = Debug|Any CPU
		{DB79C62B-8DC8-4324-9C99-57772C4975FF}.Release|Any CPU.ActiveCfg = Release|Any CPU
		{DB79C62B-8DC8-4324-9C99-57772C4975FF}.Release|Any CPU.Build.0 = Release|Any CPU
	EndGlobalSection
	GlobalSection(SolutionProperties) = preSolution
		HideSolutionNode = FALSE
	EndGlobalSection
	GlobalSection(NestedProjects) = preSolution
		{DB79C62B-8DC8-4324-9C99-57772C4975FF} = {94AE0485-6884-42BF-9A64-970B75B3219D}
	EndGlobalSection
EndGlobal
